
Microsoft Visual Studio Solution File, Format Version 12.00
# Visual Studio 15
VisualStudioVersion = 15.0.28307.136
MinimumVisualStudioVersion = 10.0.40219.1
Project("{FAE04EC0-301F-11D3-BF4B-00C04F79EFBC}") = "testSendUdp", "testSendUdp\testSendUdp.csproj", "{6A943CA7-36AC-4DA9-970D-57B8062CF4C3}"
EndProject
Global
	GlobalSection(SolutionConfigurationPlatforms) = preSolution
		Debug|Any CPU = Debug|Any CPU
		Release|Any CPU = Release|Any CPU
	EndGlobalSection
	GlobalSection(ProjectConfigurationPlatforms) = postSolution
		{6A943CA7-36AC-4DA9-970D-57B8062CF4C3}.Debug|Any CPU.ActiveCfg = Debug|Any CPU
		{6A943CA7-36AC-4DA9-970D-57B8062CF4C3}.Debug|Any CPU.Build.0 = Debug|Any CPU
		{6A943CA7-36AC-4DA9-970D-57B8062CF4C3}.Release|Any CPU.ActiveCfg = Release|Any CPU
		{6A943CA7-36AC-4DA9-970D-57B8062CF4C3}.Release|Any CPU.Build.0 = Release|Any CPU
	EndGlobalSection
	GlobalSection(SolutionProperties) = preSolution
		HideSolutionNode = FALSE
	EndGlobalSection
	GlobalSection(ExtensibilityGlobals) = postSolution
		SolutionGuid = {236550F7-8508-4BF7-9F6C-9DC72561CBE5}
	EndGlobalSection
EndGlobal
